<Solution>
	<Folder Name="/Solution Items/">
		<File Path="../.editorconfig" />
		<File Path="../Directory.Packages.props" />
		<File Path="../global.json" />
		<File Path="../nuget.config" />
		<File Path="../package.json" />
		<File Path="../.config/purview-build.json" />
		<File Path="Directory.Build.props" />
		<File Path="Directory.Build.targets" />
	</Folder>
	<Folder Name="/src/">
		<Project Path="src/AzureKeyVaultEmulator/AzureKeyVaultEmulator.csproj" />
		<Project Path="src/Azurite/Azurite.csproj" />
		<Project Path="src/Containers/Containers.csproj" />
		<Project Path="src/Core/Core.csproj" />
		<Project Path="src/Docker/Docker.csproj" />
		<Project Path="src/MsSql/MsSql.csproj" />
		<Project Path="src/MySql/MySql.csproj" />
		<Project Path="src/Nats/Nats.csproj" />
		<Project Path="src/PostgreSql/PostgreSql.csproj" />
		<Project Path="src/RabbitMq/RabbitMq.csproj" />
		<Project Path="src/Redis/Redis.csproj" />
		<Project Path="src/Wsl/Wsl.csproj" />
	</Folder>

	<Folder Name="/samples/">
		<Project Path="../samples/getting-started/AutoSample/AutoSample.csproj" />
		<Project Path="../samples/getting-started/DockerSample/DockerSample.csproj" />
		<Project Path="../samples/getting-started/WslSample/WslSample.csproj" />
	</Folder>

	<Folder Name="/tests/">
		<Project Path="tests/AzureKeyVaultEmulator.IntegrationTests/AzureKeyVaultEmulator.IntegrationTests.csproj" />
		<Project Path="tests/AzureKeyVaultEmulator.UnitTests/AzureKeyVaultEmulator.UnitTests.csproj" />
		<Project Path="tests/Azurite.IntegrationTests/Azurite.IntegrationTests.csproj" />
		<Project Path="tests/Azurite.UnitTests/Azurite.UnitTests.csproj" />
		<Project Path="tests/Docker.IntegrationTests/Docker.IntegrationTests.csproj" />
		<Project Path="tests/Docker.UnitTests/Docker.UnitTests.csproj" />
		<Project Path="tests/Modules.Docker.IntegrationTests/Modules.Docker.IntegrationTests.csproj" />
		<Project Path="tests/MsSql.IntegrationTests/MsSql.IntegrationTests.csproj" />
		<Project Path="tests/MsSql.UnitTests/MsSql.UnitTests.csproj" />
		<Project Path="tests/MySql.IntegrationTests/MySql.IntegrationTests.csproj" />
		<Project Path="tests/MySql.UnitTests/MySql.UnitTests.csproj" />
		<Project Path="tests/Nats.IntegrationTests/Nats.IntegrationTests.csproj" />
		<Project Path="tests/Nats.UnitTests/Nats.UnitTests.csproj" />
		<Project Path="tests/PostgreSql.IntegrationTests/PostgreSql.IntegrationTests.csproj" />
		<Project Path="tests/PostgreSql.UnitTests/PostgreSql.UnitTests.csproj" />
		<Project Path="tests/RabbitMq.IntegrationTests/RabbitMq.IntegrationTests.csproj" />
		<Project Path="tests/RabbitMq.UnitTests/RabbitMq.UnitTests.csproj" />
		<Project Path="tests/Redis.IntegrationTests/Redis.IntegrationTests.csproj" />
		<Project Path="tests/Redis.UnitTests/Redis.UnitTests.csproj" />
		<Project Path="tests/SharedTestingFramework/SharedTestingFramework.csproj" />
		<Project Path="tests/Wsl.IntegrationTests/Wsl.IntegrationTests.csproj" />
		<Project Path="tests/Wsl.UnitTests/Wsl.UnitTests.csproj" />
	</Folder>
</Solution>
